
Microsoft Visual Studio Solution File, Format Version 12.00
# Visual Studio 15
VisualStudioVersion = 15.0.27703.2047
MinimumVisualStudioVersion = 10.0.40219.1
Project("{FAE04EC0-301F-11D3-BF4B-00C04F79EFBC}") = "Transfer", "Transfer\Transfer.csproj", "{3E222582-0FC8-4BCA-ADA5-6C07D7D31D29}"
EndProject
Project("{FAE04EC0-301F-11D3-BF4B-00C04F79EFBC}") = "TransferData", "TransferData\TransferData.csproj", "{9C1201E9-4D8D-4523-80F6-1211E077E6F6}"
EndProject
Project("{FAE04EC0-301F-11D3-BF4B-00C04F79EFBC}") = "Server", "Server\Server.csproj", "{4D27988C-F64E-4E95-B24A-CDA306465F5E}"
EndProject
Global
	GlobalSection(SolutionConfigurationPlatforms) = preSolution
		Debug|Any CPU = Debug|Any CPU
		Release|Any CPU = Release|Any CPU
	EndGlobalSection
	GlobalSection(ProjectConfigurationPlatforms) = postSolution
		{3E222582-0FC8-4BCA-ADA5-6C07D7D31D29}.Debug|Any CPU.ActiveCfg = Debug|Any CPU
		{3E222582-0FC8-4BCA-ADA5-6C07D7D31D29}.Debug|Any CPU.Build.0 = Debug|Any CPU
		{3E222582-0FC8-4BCA-ADA5-6C07D7D31D29}.Release|Any CPU.ActiveCfg = Release|Any CPU
		{3E222582-0FC8-4BCA-ADA5-6C07D7D31D29}.Release|Any CPU.Build.0 = Release|Any CPU
		{9C1201E9-4D8D-4523-80F6-1211E077E6F6}.Debug|Any CPU.ActiveCfg = Debug|Any CPU
		{9C1201E9-4D8D-4523-80F6-1211E077E6F6}.Debug|Any CPU.Build.0 = Debug|Any CPU
		{9C1201E9-4D8D-4523-80F6-1211E077E6F6}.Release|Any CPU.ActiveCfg = Release|Any CPU
		{9C1201E9-4D8D-4523-80F6-1211E077E6F6}.Release|Any CPU.Build.0 = Release|Any CPU
		{4D27988C-F64E-4E95-B24A-CDA306465F5E}.Debug|Any CPU.ActiveCfg = Debug|Any CPU
		{4D27988C-F64E-4E95-B24A-CDA306465F5E}.Debug|Any CPU.Build.0 = Debug|Any CPU
		{4D27988C-F64E-4E95-B24A-CDA306465F5E}.Release|Any CPU.ActiveCfg = Release|Any CPU
		{4D27988C-F64E-4E95-B24A-CDA306465F5E}.Release|Any CPU.Build.0 = Release|Any CPU
	EndGlobalSection
	GlobalSection(SolutionProperties) = preSolution
		HideSolutionNode = FALSE
	EndGlobalSection
	GlobalSection(ExtensibilityGlobals) = postSolution
		SolutionGuid = {6502DDE6-E918-4CFA-B94C-1959034DBCF7}
	EndGlobalSection
EndGlobal
